
Microsoft Visual Studio Solution File, Format Version 12.00
# Visual Studio Version 17
VisualStudioVersion = 17.14.36127.28 d17.14
MinimumVisualStudioVersion = 10.0.40219.1
Project("{8BC9CEB8-8B4A-11D0-8D11-00A0C91BC942}") = "My a string undo and redo project", "My a string undo and redo project\My a string undo and redo project.vcxproj", "{2FB06533-2B00-4AB8-8B52-0DF8CF7E9FBD}"
EndProject
Global
	GlobalSection(SolutionConfigurationPlatforms) = preSolution
		Debug|x64 = Debug|x64
		Debug|x86 = Debug|x86
		Release|x64 = Release|x64
		Release|x86 = Release|x86
	EndGlobalSection
	GlobalSection(ProjectConfigurationPlatforms) = postSolution
		{2FB06533-2B00-4AB8-8B52-0DF8CF7E9FBD}.Debug|x64.ActiveCfg = Debug|x64
		{2FB06533-2B00-4AB8-8B52-0DF8CF7E9FBD}.Debug|x64.Build.0 = Debug|x64
		{2FB06533-2B00-4AB8-8B52-0DF8CF7E9FBD}.Debug|x86.ActiveCfg = Debug|Win32
		{2FB06533-2B00-4AB8-8B52-0DF8CF7E9FBD}.Debug|x86.Build.0 = Debug|Win32
		{2FB06533-2B00-4AB8-8B52-0DF8CF7E9FBD}.Release|x64.ActiveCfg = Release|x64
		{2FB06533-2B00-4AB8-8B52-0DF8CF7E9FBD}.Release|x64.Build.0 = Release|x64
		{2FB06533-2B00-4AB8-8B52-0DF8CF7E9FBD}.Release|x86.ActiveCfg = Release|Win32
		{2FB06533-2B00-4AB8-8B52-0DF8CF7E9FBD}.Release|x86.Build.0 = Release|Win32
	EndGlobalSection
	GlobalSection(SolutionProperties) = preSolution
		HideSolutionNode = FALSE
	EndGlobalSection
	GlobalSection(ExtensibilityGlobals) = postSolution
		SolutionGuid = {6CF9203A-CC94-4AF4-B6FA-E7AD34ED69E2}
	EndGlobalSection
EndGlobal
